
Microsoft Visual Studio Solution File, Format Version 12.00
# Visual Studio 15
VisualStudioVersion = 15.0.28307.1433
MinimumVisualStudioVersion = 10.0.40219.1
Project("{FAE04EC0-301F-11D3-BF4B-00C04F79EFBC}") = "20.C sharp method", "20.C sharp method\20.C sharp method.csproj", "{AFFA2FFA-6D78-4A5F-A0FE-ADCFB4B704BF}"
EndProject
Global
	GlobalSection(SolutionConfigurationPlatforms) = preSolution
		Debug|Any CPU = Debug|Any CPU
		Release|Any CPU = Release|Any CPU
	EndGlobalSection
	GlobalSection(ProjectConfigurationPlatforms) = postSolution
		{AFFA2FFA-6D78-4A5F-A0FE-ADCFB4B704BF}.Debug|Any CPU.ActiveCfg = Debug|Any CPU
		{AFFA2FFA-6D78-4A5F-A0FE-ADCFB4B704BF}.Debug|Any CPU.Build.0 = Debug|Any CPU
		{AFFA2FFA-6D78-4A5F-A0FE-ADCFB4B704BF}.Release|Any CPU.ActiveCfg = Release|Any CPU
		{AFFA2FFA-6D78-4A5F-A0FE-ADCFB4B704BF}.Release|Any CPU.Build.0 = Release|Any CPU
	EndGlobalSection
	GlobalSection(SolutionProperties) = preSolution
		HideSolutionNode = FALSE
	EndGlobalSection
	GlobalSection(ExtensibilityGlobals) = postSolution
		SolutionGuid = {7DA173F0-44AE-4282-AFCE-A502D4ED56F8}
	EndGlobalSection
EndGlobal
